
Microsoft Visual Studio Solution File, Format Version 12.00
# Visual Studio Version 17
VisualStudioVersion = 17.9.34616.47
MinimumVisualStudioVersion = 10.0.40219.1
Project("{FAE04EC0-301F-11D3-BF4B-00C04F79EFBC}") = "SampleMVVM", "SampleMVVM\SampleMVVM.csproj", "{B6E9D481-0C1E-4911-A0B7-CD5D80262614}"
EndProject
Global
	GlobalSection(SolutionConfigurationPlatforms) = preSolution
		Debug|Any CPU = Debug|Any CPU
		Release|Any CPU = Release|Any CPU
	EndGlobalSection
	GlobalSection(ProjectConfigurationPlatforms) = postSolution
		{B6E9D481-0C1E-4911-A0B7-CD5D80262614}.Debug|Any CPU.ActiveCfg = Debug|Any CPU
		{B6E9D481-0C1E-4911-A0B7-CD5D80262614}.Debug|Any CPU.Build.0 = Debug|Any CPU
		{B6E9D481-0C1E-4911-A0B7-CD5D80262614}.Release|Any CPU.ActiveCfg = Release|Any CPU
		{B6E9D481-0C1E-4911-A0B7-CD5D80262614}.Release|Any CPU.Build.0 = Release|Any CPU
	EndGlobalSection
	GlobalSection(SolutionProperties) = preSolution
		HideSolutionNode = FALSE
	EndGlobalSection
	GlobalSection(ExtensibilityGlobals) = postSolution
		SolutionGuid = {2B820921-3BE3-4FDC-8907-E76317E63BD5}
	EndGlobalSection
EndGlobal
